
Microsoft Visual Studio Solution File, Format Version 12.00
# Visual Studio Version 17
VisualStudioVersion = 17.0.31903.59
MinimumVisualStudioVersion = 10.0.40219.1
Project("{2150E333-8FDC-42A3-9474-1A3956D46DE8}") = "src", "src", "{827E0CD3-B72D-47B6-A68D-7590B98EB39B}"
EndProject
Project("{2150E333-8FDC-42A3-9474-1A3956D46DE8}") = "Services", "Services", "{984BB9B3-3FA3-BE33-9484-CAC21695A33C}"
EndProject
Project("{2150E333-8FDC-42A3-9474-1A3956D46DE8}") = "Catalog", "Catalog", "{C91C1CF1-1625-0789-F869-53D87D6277BA}"
EndProject
Project("{FAE04EC0-301F-11D3-BF4B-00C04F79EFBC}") = "Catalog.Domain", "src\Services\Catalog\Catalog.Domain\Catalog.Domain.csproj", "{2373FE59-EF72-4D98-90C2-3BDD4509720B}"
EndProject
Project("{FAE04EC0-301F-11D3-BF4B-00C04F79EFBC}") = "Catalog.Application", "src\Services\Catalog\Catalog.Application\Catalog.Application.csproj", "{17D8761F-F4EF-4BBE-AF7B-C98BF8637B45}"
EndProject
Project("{FAE04EC0-301F-11D3-BF4B-00C04F79EFBC}") = "Catalog.Infrastructure", "src\Services\Catalog\Catalog.Infrastructure\Catalog.Infrastructure.csproj", "{CD15DA84-2B13-40BF-A4FC-F5876E8C15D4}"
EndProject
Project("{FAE04EC0-301F-11D3-BF4B-00C04F79EFBC}") = "Catalog.API", "src\Services\Catalog\Catalog.API\Catalog.API.csproj", "{2129C16E-D04B-4B6C-92A5-D5A25C9644E9}"
EndProject
Project("{2150E333-8FDC-42A3-9474-1A3956D46DE8}") = "BuildingBlocks", "BuildingBlocks", "{90298CBA-BD6F-3A0A-69D5-97CAD7B05E7E}"
EndProject
Project("{FAE04EC0-301F-11D3-BF4B-00C04F79EFBC}") = "BuildingBlocks.Core", "src\BuildingBlocks\BuildingBlocks.Core\BuildingBlocks.Core.csproj", "{F614B43D-109A-4EC3-AC7A-C0340E43C1DF}"
EndProject
Global
	GlobalSection(SolutionConfigurationPlatforms) = preSolution
		Debug|Any CPU = Debug|Any CPU
		Debug|x64 = Debug|x64
		Debug|x86 = Debug|x86
		Release|Any CPU = Release|Any CPU
		Release|x64 = Release|x64
		Release|x86 = Release|x86
	EndGlobalSection
	GlobalSection(ProjectConfigurationPlatforms) = postSolution
		{2373FE59-EF72-4D98-90C2-3BDD4509720B}.Debug|Any CPU.ActiveCfg = Debug|Any CPU
		{2373FE59-EF72-4D98-90C2-3BDD4509720B}.Debug|Any CPU.Build.0 = Debug|Any CPU
		{2373FE59-EF72-4D98-90C2-3BDD4509720B}.Debug|x64.ActiveCfg = Debug|Any CPU
		{2373FE59-EF72-4D98-90C2-3BDD4509720B}.Debug|x64.Build.0 = Debug|Any CPU
		{2373FE59-EF72-4D98-90C2-3BDD4509720B}.Debug|x86.ActiveCfg = Debug|Any CPU
		{2373FE59-EF72-4D98-90C2-3BDD4509720B}.Debug|x86.Build.0 = Debug|Any CPU
		{2373FE59-EF72-4D98-90C2-3BDD4509720B}.Release|Any CPU.ActiveCfg = Release|Any CPU
		{2373FE59-EF72-4D98-90C2-3BDD4509720B}.Release|Any CPU.Build.0 = Release|Any CPU
		{2373FE59-EF72-4D98-90C2-3BDD4509720B}.Release|x64.ActiveCfg = Release|Any CPU
		{2373FE59-EF72-4D98-90C2-3BDD4509720B}.Release|x64.Build.0 = Release|Any CPU
		{2373FE59-EF72-4D98-90C2-3BDD4509720B}.Release|x86.ActiveCfg = Release|Any CPU
		{2373FE59-EF72-4D98-90C2-3BDD4509720B}.Release|x86.Build.0 = Release|Any CPU
		{17D8761F-F4EF-4BBE-AF7B-C98BF8637B45}.Debug|Any CPU.ActiveCfg = Debug|Any CPU
		{17D8761F-F4EF-4BBE-AF7B-C98BF8637B45}.Debug|Any CPU.Build.0 = Debug|Any CPU
		{17D8761F-F4EF-4BBE-AF7B-C98BF8637B45}.Debug|x64.ActiveCfg = Debug|Any CPU
		{17D8761F-F4EF-4BBE-AF7B-C98BF8637B45}.Debug|x64.Build.0 = Debug|Any CPU
		{17D8761F-F4EF-4BBE-AF7B-C98BF8637B45}.Debug|x86.ActiveCfg = Debug|Any CPU
		{17D8761F-F4EF-4BBE-AF7B-C98BF8637B45}.Debug|x86.Build.0 = Debug|Any CPU
		{17D8761F-F4EF-4BBE-AF7B-C98BF8637B45}.Release|Any CPU.ActiveCfg = Release|Any CPU
		{17D8761F-F4EF-4BBE-AF7B-C98BF8637B45}.Release|Any CPU.Build.0 = Release|Any CPU
		{17D8761F-F4EF-4BBE-AF7B-C98BF8637B45}.Release|x64.ActiveCfg = Release|Any CPU
		{17D8761F-F4EF-4BBE-AF7B-C98BF8637B45}.Release|x64.Build.0 = Release|Any CPU
		{17D8761F-F4EF-4BBE-AF7B-C98BF8637B45}.Release|x86.ActiveCfg = Release|Any CPU
		{17D8761F-F4EF-4BBE-AF7B-C98BF8637B45}.Release|x86.Build.0 = Release|Any CPU
		{CD15DA84-2B13-40BF-A4FC-F5876E8C15D4}.Debug|Any CPU.ActiveCfg = Debug|Any CPU
		{CD15DA84-2B13-40BF-A4FC-F5876E8C15D4}.Debug|Any CPU.Build.0 = Debug|Any CPU
		{CD15DA84-2B13-40BF-A4FC-F5876E8C15D4}.Debug|x64.ActiveCfg = Debug|Any CPU
		{CD15DA84-2B13-40BF-A4FC-F5876E8C15D4}.Debug|x64.Build.0 = Debug|Any CPU
		{CD15DA84-2B13-40BF-A4FC-F5876E8C15D4}.Debug|x86.ActiveCfg = Debug|Any CPU
		{CD15DA84-2B13-40BF-A4FC-F5876E8C15D4}.Debug|x86.Build.0 = Debug|Any CPU
		{CD15DA84-2B13-40BF-A4FC-F5876E8C15D4}.Release|Any CPU.ActiveCfg = Release|Any CPU
		{CD15DA84-2B13-40BF-A4FC-F5876E8C15D4}.Release|Any CPU.Build.0 = Release|Any CPU
		{CD15DA84-2B13-40BF-A4FC-F5876E8C15D4}.Release|x64.ActiveCfg = Release|Any CPU
		{CD15DA84-2B13-40BF-A4FC-F5876E8C15D4}.Release|x64.Build.0 = Release|Any CPU
		{CD15DA84-2B13-40BF-A4FC-F5876E8C15D4}.Release|x86.ActiveCfg = Release|Any CPU
		{CD15DA84-2B13-40BF-A4FC-F5876E8C15D4}.Release|x86.Build.0 = Release|Any CPU
		{2129C16E-D04B-4B6C-92A5-D5A25C9644E9}.Debug|Any CPU.ActiveCfg = Debug|Any CPU
		{2129C16E-D04B-4B6C-92A5-D5A25C9644E9}.Debug|Any CPU.Build.0 = Debug|Any CPU
		{2129C16E-D04B-4B6C-92A5-D5A25C9644E9}.Debug|x64.ActiveCfg = Debug|Any CPU
		{2129C16E-D04B-4B6C-92A5-D5A25C9644E9}.Debug|x64.Build.0 = Debug|Any CPU
		{2129C16E-D04B-4B6C-92A5-D5A25C9644E9}.Debug|x86.ActiveCfg = Debug|Any CPU
		{2129C16E-D04B-4B6C-92A5-D5A25C9644E9}.Debug|x86.Build.0 = Debug|Any CPU
		{2129C16E-D04B-4B6C-92A5-D5A25C9644E9}.Release|Any CPU.ActiveCfg = Release|Any CPU
		{2129C16E-D04B-4B6C-92A5-D5A25C9644E9}.Release|Any CPU.Build.0 = Release|Any CPU
		{2129C16E-D04B-4B6C-92A5-D5A25C9644E9}.Release|x64.ActiveCfg = Release|Any CPU
		{2129C16E-D04B-4B6C-92A5-D5A25C9644E9}.Release|x64.Build.0 = Release|Any CPU
		{2129C16E-D04B-4B6C-92A5-D5A25C9644E9}.Release|x86.ActiveCfg = Release|Any CPU
		{2129C16E-D04B-4B6C-92A5-D5A25C9644E9}.Release|x86.Build.0 = Release|Any CPU
		{F614B43D-109A-4EC3-AC7A-C0340E43C1DF}.Debug|Any CPU.ActiveCfg = Debug|Any CPU
		{F614B43D-109A-4EC3-AC7A-C0340E43C1DF}.Debug|Any CPU.Build.0 = Debug|Any CPU
		{F614B43D-109A-4EC3-AC7A-C0340E43C1DF}.Debug|x64.ActiveCfg = Debug|Any CPU
		{F614B43D-109A-4EC3-AC7A-C0340E43C1DF}.Debug|x64.Build.0 = Debug|Any CPU
		{F614B43D-109A-4EC3-AC7A-C0340E43C1DF}.Debug|x86.ActiveCfg = Debug|Any CPU
		{F614B43D-109A-4EC3-AC7A-C0340E43C1DF}.Debug|x86.Build.0 = Debug|Any CPU
		{F614B43D-109A-4EC3-AC7A-C0340E43C1DF}.Release|Any CPU.ActiveCfg = Release|Any CPU
		{F614B43D-109A-4EC3-AC7A-C0340E43C1DF}.Release|Any CPU.Build.0 = Release|Any CPU
		{F614B43D-109A-4EC3-AC7A-C0340E43C1DF}.Release|x64.ActiveCfg = Release|Any CPU
		{F614B43D-109A-4EC3-AC7A-C0340E43C1DF}.Release|x64.Build.0 = Release|Any CPU
		{F614B43D-109A-4EC3-AC7A-C0340E43C1DF}.Release|x86.ActiveCfg = Release|Any CPU
		{F614B43D-109A-4EC3-AC7A-C0340E43C1DF}.Release|x86.Build.0 = Release|Any CPU
	EndGlobalSection
	GlobalSection(SolutionProperties) = preSolution
		HideSolutionNode = FALSE
	EndGlobalSection
	GlobalSection(NestedProjects) = preSolution
		{984BB9B3-3FA3-BE33-9484-CAC21695A33C} = {827E0CD3-B72D-47B6-A68D-7590B98EB39B}
		{C91C1CF1-1625-0789-F869-53D87D6277BA} = {984BB9B3-3FA3-BE33-9484-CAC21695A33C}
		{2373FE59-EF72-4D98-90C2-3BDD4509720B} = {C91C1CF1-1625-0789-F869-53D87D6277BA}
		{17D8761F-F4EF-4BBE-AF7B-C98BF8637B45} = {C91C1CF1-1625-0789-F869-53D87D6277BA}
		{CD15DA84-2B13-40BF-A4FC-F5876E8C15D4} = {C91C1CF1-1625-0789-F869-53D87D6277BA}
		{2129C16E-D04B-4B6C-92A5-D5A25C9644E9} = {C91C1CF1-1625-0789-F869-53D87D6277BA}
		{90298CBA-BD6F-3A0A-69D5-97CAD7B05E7E} = {827E0CD3-B72D-47B6-A68D-7590B98EB39B}
		{F614B43D-109A-4EC3-AC7A-C0340E43C1DF} = {90298CBA-BD6F-3A0A-69D5-97CAD7B05E7E}
	EndGlobalSection
EndGlobal
